PODS:
  - asleep_sdk_flutter (0.1.0):
    - AsleepSDK (= 3.2.0)
    - Flutter
  - AsleepSDK (3.2.0)
  - Flutter (1.0.0)

DEPENDENCIES:
  - asleep_sdk_flutter (from `.symlinks/plugins/asleep_sdk_flutter/ios`)
  - Flutter (from `Flutter`)

SPEC REPOS:
  trunk:
    - AsleepSDK

EXTERNAL SOURCES:
  asleep_sdk_flutter:
    :path: ".symlinks/plugins/asleep_sdk_flutter/ios"
  Flutter:
    :path: Flutter

SPEC CHECKSUMS:
  asleep_sdk_flutter: 0743109a4255f435445abb50b51043becda2e0d8
  AsleepSDK: 7dd69125875be3e028bd5274aa6edebbb6f1a5fd
  Flutter: cabc95a1d2626b1b06e7179b784ebcf0c0cde467

PODFILE CHECKSUM: 288656d4464589360115d6f81dd5d8f559352730

COCOAPODS: 1.17.0
